
Microsoft Visual Studio Solution File, Format Version 12.00
# Visual Studio Version 17
VisualStudioVersion = 17.3.32929.385
MinimumVisualStudioVersion = 10.0.40219.1
Project("{FAE04EC0-301F-11D3-BF4B-00C04F79EFBC}") = "listView_Odec", "listView_Odec\listView_Odec.csproj", "{9C4AB46C-1409-4475-97CB-5CAA4492EB4D}"
EndProject
Global
	GlobalSection(SolutionConfigurationPlatforms) = preSolution
		Debug|Any CPU = Debug|Any CPU
		Release|Any CPU = Release|Any CPU
	EndGlobalSection
	GlobalSection(ProjectConfigurationPlatforms) = postSolution
		{9C4AB46C-1409-4475-97CB-5CAA4492EB4D}.Debug|Any CPU.ActiveCfg = Debug|Any CPU
		{9C4AB46C-1409-4475-97CB-5CAA4492EB4D}.Debug|Any CPU.Build.0 = Debug|Any CPU
		{9C4AB46C-1409-4475-97CB-5CAA4492EB4D}.Release|Any CPU.ActiveCfg = Release|Any CPU
		{9C4AB46C-1409-4475-97CB-5CAA4492EB4D}.Release|Any CPU.Build.0 = Release|Any CPU
	EndGlobalSection
	GlobalSection(SolutionProperties) = preSolution
		HideSolutionNode = FALSE
	EndGlobalSection
	GlobalSection(ExtensibilityGlobals) = postSolution
		SolutionGuid = {52B5F462-2668-4332-9FD1-245EC8582A11}
	EndGlobalSection
EndGlobal
